
Microsoft Visual Studio Solution File, Format Version 12.00
# Visual Studio Version 16
VisualStudioVersion = 16.0.31410.357
MinimumVisualStudioVersion = 10.0.40219.1
Project("{9A19103F-16F7-4668-BE54-9A1E7A4F7556}") = "MultiplayerSnake.Server", "Server\MultiplayerSnake.Server.csproj", "{9BB1001C-3ABD-47ED-9BE3-EFD1484E463D}"
EndProject
Project("{FAE04EC0-301F-11D3-BF4B-00C04F79EFBC}") = "snake", "Client\snake.csproj", "{89669184-C3E6-4965-9396-77144363327C}"
EndProject
Global
	GlobalSection(SolutionConfigurationPlatforms) = preSolution
		Debug|Any CPU = Debug|Any CPU
		Release|Any CPU = Release|Any CPU
	EndGlobalSection
	GlobalSection(ProjectConfigurationPlatforms) = postSolution
		{9BB1001C-3ABD-47ED-9BE3-EFD1484E463D}.Debug|Any CPU.ActiveCfg = Debug|Any CPU
		{9BB1001C-3ABD-47ED-9BE3-EFD1484E463D}.Debug|Any CPU.Build.0 = Debug|Any CPU
		{9BB1001C-3ABD-47ED-9BE3-EFD1484E463D}.Release|Any CPU.ActiveCfg = Release|Any CPU
		{9BB1001C-3ABD-47ED-9BE3-EFD1484E463D}.Release|Any CPU.Build.0 = Release|Any CPU
		{89669184-C3E6-4965-9396-77144363327C}.Debug|Any CPU.ActiveCfg = Debug|Any CPU
		{89669184-C3E6-4965-9396-77144363327C}.Debug|Any CPU.Build.0 = Debug|Any CPU
		{89669184-C3E6-4965-9396-77144363327C}.Release|Any CPU.ActiveCfg = Release|Any CPU
		{89669184-C3E6-4965-9396-77144363327C}.Release|Any CPU.Build.0 = Release|Any CPU
	EndGlobalSection
	GlobalSection(SolutionProperties) = preSolution
		HideSolutionNode = FALSE
	EndGlobalSection
	GlobalSection(ExtensibilityGlobals) = postSolution
		SolutionGuid = {D193B8C0-A850-444F-92E2-11D50337E2DE}
	EndGlobalSection
EndGlobal
