
Microsoft Visual Studio Solution File, Format Version 12.00
# Visual Studio Version 17
VisualStudioVersion = 17.0.32112.339
MinimumVisualStudioVersion = 10.0.40219.1
Project("{9A19103F-16F7-4668-BE54-9A1E7A4F7556}") = "MultiplayerSnake.Client", "Client\MultiplayerSnake.Client.csproj", "{F64C583F-7B96-4496-9158-8721F5C5F623}"
EndProject
Project("{9A19103F-16F7-4668-BE54-9A1E7A4F7556}") = "MultiplayerSnake.Server", "Server\MultiplayerSnake.Server.csproj", "{08A71BB9-C83A-4560-9071-7D5C95249759}"
EndProject
Project("{9A19103F-16F7-4668-BE54-9A1E7A4F7556}") = "MultiplayerSnake.Shared", "Shared\MultiplayerSnake.Shared.csproj", "{20EDD184-33E7-41E1-B141-3AB0E51D1307}"
EndProject
Project("{9A19103F-16F7-4668-BE54-9A1E7A4F7556}") = "MultiplayerSnake.TestConsole", "TestConsole\MultiplayerSnake.TestConsole.csproj", "{F8F3CB41-29B5-4019-B581-98813C33ADB6}"
EndProject
Global
	GlobalSection(SolutionConfigurationPlatforms) = preSolution
		Debug|Any CPU = Debug|Any CPU
		Release|Any CPU = Release|Any CPU
	EndGlobalSection
	GlobalSection(ProjectConfigurationPlatforms) = postSolution
		{F64C583F-7B96-4496-9158-8721F5C5F623}.Debug|Any CPU.ActiveCfg = Debug|Any CPU
		{F64C583F-7B96-4496-9158-8721F5C5F623}.Debug|Any CPU.Build.0 = Debug|Any CPU
		{F64C583F-7B96-4496-9158-8721F5C5F623}.Release|Any CPU.ActiveCfg = Release|Any CPU
		{F64C583F-7B96-4496-9158-8721F5C5F623}.Release|Any CPU.Build.0 = Release|Any CPU
		{08A71BB9-C83A-4560-9071-7D5C95249759}.Debug|Any CPU.ActiveCfg = Debug|Any CPU
		{08A71BB9-C83A-4560-9071-7D5C95249759}.Debug|Any CPU.Build.0 = Debug|Any CPU
		{08A71BB9-C83A-4560-9071-7D5C95249759}.Release|Any CPU.ActiveCfg = Release|Any CPU
		{08A71BB9-C83A-4560-9071-7D5C95249759}.Release|Any CPU.Build.0 = Release|Any CPU
		{20EDD184-33E7-41E1-B141-3AB0E51D1307}.Debug|Any CPU.ActiveCfg = Debug|Any CPU
		{20EDD184-33E7-41E1-B141-3AB0E51D1307}.Debug|Any CPU.Build.0 = Debug|Any CPU
		{20EDD184-33E7-41E1-B141-3AB0E51D1307}.Release|Any CPU.ActiveCfg = Release|Any CPU
		{20EDD184-33E7-41E1-B141-3AB0E51D1307}.Release|Any CPU.Build.0 = Release|Any CPU
		{F8F3CB41-29B5-4019-B581-98813C33ADB6}.Debug|Any CPU.ActiveCfg = Debug|Any CPU
		{F8F3CB41-29B5-4019-B581-98813C33ADB6}.Debug|Any CPU.Build.0 = Debug|Any CPU
		{F8F3CB41-29B5-4019-B581-98813C33ADB6}.Release|Any CPU.ActiveCfg = Release|Any CPU
		{F8F3CB41-29B5-4019-B581-98813C33ADB6}.Release|Any CPU.Build.0 = Release|Any CPU
	EndGlobalSection
	GlobalSection(SolutionProperties) = preSolution
		HideSolutionNode = FALSE
	EndGlobalSection
	GlobalSection(ExtensibilityGlobals) = postSolution
		SolutionGuid = {D193B8C0-A850-444F-92E2-11D50337E2DE}
	EndGlobalSection
EndGlobal
